
Microsoft Visual Studio Solution File, Format Version 12.00
# Visual Studio 2013
VisualStudioVersion = 12.0.21005.1
MinimumVisualStudioVersion = 10.0.40219.1
Project("{FAE04EC0-301F-11D3-BF4B-00C04F79EFBC}") = "cat", "cat.csproj", "{80C5C00E-280C-49C1-B2FC-4C6B1562CEE6}"
EndProject
Project("{FAE04EC0-301F-11D3-BF4B-00C04F79EFBC}") = "cat.delimited", "..\cat.delimited\cat.delimited.csproj", "{63FE1513-B06A-4D5D-B814-FC5EF155BE3C}"
EndProject
Project("{FAE04EC0-301F-11D3-BF4B-00C04F79EFBC}") = "cat.md", "..\cat.md\cat.md.csproj", "{18FF5ADE-E176-4CE6-987F-F3160D4BAC74}"
EndProject
Project("{FAE04EC0-301F-11D3-BF4B-00C04F79EFBC}") = "cat.dotnet", "..\cat.dotnet\cat.dotnet.csproj", "{2AB8B060-E0F1-4492-B352-CDCB1DAD7C84}"
EndProject
Project("{FAE04EC0-301F-11D3-BF4B-00C04F79EFBC}") = "cat.dos", "..\cat.dos\cat.dos.csproj", "{4E347A75-A139-487B-AA53-2A215254BD71}"
EndProject
Global
	GlobalSection(SolutionConfigurationPlatforms) = preSolution
		Debug|Any CPU = Debug|Any CPU
		Debug|x86 = Debug|x86
		Release|Any CPU = Release|Any CPU
		Release|x86 = Release|x86
	EndGlobalSection
	GlobalSection(ProjectConfigurationPlatforms) = postSolution
		{80C5C00E-280C-49C1-B2FC-4C6B1562CEE6}.Debug|Any CPU.ActiveCfg = Debug|Any CPU
		{80C5C00E-280C-49C1-B2FC-4C6B1562CEE6}.Debug|Any CPU.Build.0 = Debug|Any CPU
		{80C5C00E-280C-49C1-B2FC-4C6B1562CEE6}.Debug|x86.ActiveCfg = Debug|x86
		{80C5C00E-280C-49C1-B2FC-4C6B1562CEE6}.Debug|x86.Build.0 = Debug|x86
		{80C5C00E-280C-49C1-B2FC-4C6B1562CEE6}.Release|Any CPU.ActiveCfg = Release|Any CPU
		{80C5C00E-280C-49C1-B2FC-4C6B1562CEE6}.Release|Any CPU.Build.0 = Release|Any CPU
		{80C5C00E-280C-49C1-B2FC-4C6B1562CEE6}.Release|x86.ActiveCfg = Release|x86
		{80C5C00E-280C-49C1-B2FC-4C6B1562CEE6}.Release|x86.Build.0 = Release|x86
		{63FE1513-B06A-4D5D-B814-FC5EF155BE3C}.Debug|Any CPU.ActiveCfg = Debug|Any CPU
		{63FE1513-B06A-4D5D-B814-FC5EF155BE3C}.Debug|Any CPU.Build.0 = Debug|Any CPU
		{63FE1513-B06A-4D5D-B814-FC5EF155BE3C}.Debug|x86.ActiveCfg = Debug|Any CPU
		{63FE1513-B06A-4D5D-B814-FC5EF155BE3C}.Release|Any CPU.ActiveCfg = Release|Any CPU
		{63FE1513-B06A-4D5D-B814-FC5EF155BE3C}.Release|Any CPU.Build.0 = Release|Any CPU
		{63FE1513-B06A-4D5D-B814-FC5EF155BE3C}.Release|x86.ActiveCfg = Release|Any CPU
		{18FF5ADE-E176-4CE6-987F-F3160D4BAC74}.Debug|Any CPU.ActiveCfg = Debug|Any CPU
		{18FF5ADE-E176-4CE6-987F-F3160D4BAC74}.Debug|Any CPU.Build.0 = Debug|Any CPU
		{18FF5ADE-E176-4CE6-987F-F3160D4BAC74}.Debug|x86.ActiveCfg = Debug|Any CPU
		{18FF5ADE-E176-4CE6-987F-F3160D4BAC74}.Release|Any CPU.ActiveCfg = Release|Any CPU
		{18FF5ADE-E176-4CE6-987F-F3160D4BAC74}.Release|Any CPU.Build.0 = Release|Any CPU
		{18FF5ADE-E176-4CE6-987F-F3160D4BAC74}.Release|x86.ActiveCfg = Release|Any CPU
		{2AB8B060-E0F1-4492-B352-CDCB1DAD7C84}.Debug|Any CPU.ActiveCfg = Debug|Any CPU
		{2AB8B060-E0F1-4492-B352-CDCB1DAD7C84}.Debug|Any CPU.Build.0 = Debug|Any CPU
		{2AB8B060-E0F1-4492-B352-CDCB1DAD7C84}.Debug|x86.ActiveCfg = Debug|Any CPU
		{2AB8B060-E0F1-4492-B352-CDCB1DAD7C84}.Release|Any CPU.ActiveCfg = Release|Any CPU
		{2AB8B060-E0F1-4492-B352-CDCB1DAD7C84}.Release|Any CPU.Build.0 = Release|Any CPU
		{2AB8B060-E0F1-4492-B352-CDCB1DAD7C84}.Release|x86.ActiveCfg = Release|Any CPU
		{4E347A75-A139-487B-AA53-2A215254BD71}.Debug|Any CPU.ActiveCfg = Debug|Any CPU
		{4E347A75-A139-487B-AA53-2A215254BD71}.Debug|Any CPU.Build.0 = Debug|Any CPU
		{4E347A75-A139-487B-AA53-2A215254BD71}.Debug|x86.ActiveCfg = Debug|Any CPU
		{4E347A75-A139-487B-AA53-2A215254BD71}.Release|Any CPU.ActiveCfg = Release|Any CPU
		{4E347A75-A139-487B-AA53-2A215254BD71}.Release|Any CPU.Build.0 = Release|Any CPU
		{4E347A75-A139-487B-AA53-2A215254BD71}.Release|x86.ActiveCfg = Release|Any CPU
	EndGlobalSection
	GlobalSection(SolutionProperties) = preSolution
		HideSolutionNode = FALSE
	EndGlobalSection
EndGlobal
